
Microsoft Visual Studio Solution File, Format Version 12.00
# Visual Studio Version 16
VisualStudioVersion = 16.0.30804.86
MinimumVisualStudioVersion = 10.0.40219.1
Project("{FAE04EC0-301F-11D3-BF4B-00C04F79EFBC}") = "corona-app", "corona-app\corona-app.csproj", "{5F85755B-2084-47A7-AA7E-5F6ECBE020ED}"
EndProject
Global
	GlobalSection(SolutionConfigurationPlatforms) = preSolution
		Debug|Any CPU = Debug|Any CPU
		Release|Any CPU = Release|Any CPU
	EndGlobalSection
	GlobalSection(ProjectConfigurationPlatforms) = postSolution
		{5F85755B-2084-47A7-AA7E-5F6ECBE020ED}.Debug|Any CPU.ActiveCfg = Debug|Any CPU
		{5F85755B-2084-47A7-AA7E-5F6ECBE020ED}.Debug|Any CPU.Build.0 = Debug|Any CPU
		{5F85755B-2084-47A7-AA7E-5F6ECBE020ED}.Release|Any CPU.ActiveCfg = Release|Any CPU
		{5F85755B-2084-47A7-AA7E-5F6ECBE020ED}.Release|Any CPU.Build.0 = Release|Any CPU
	EndGlobalSection
	GlobalSection(SolutionProperties) = preSolution
		HideSolutionNode = FALSE
	EndGlobalSection
	GlobalSection(ExtensibilityGlobals) = postSolution
		SolutionGuid = {E208F9FF-79C8-4829-BC21-12B3CAC9A692}
	EndGlobalSection
EndGlobal
